
Microsoft Visual Studio Solution File, Format Version 12.00
# Visual Studio Version 17
VisualStudioVersion = 17.4.33110.190
MinimumVisualStudioVersion = 10.0.40219.1
Project("{FAE04EC0-301F-11D3-BF4B-00C04F79EFBC}") = "92_jagged_arrays", "92_jagged_arrays\92_jagged_arrays.csproj", "{9D633E1F-1C2C-4BDE-BA9A-51D069A4BC1C}"
EndProject
Global
	GlobalSection(SolutionConfigurationPlatforms) = preSolution
		Debug|Any CPU = Debug|Any CPU
		Release|Any CPU = Release|Any CPU
	EndGlobalSection
	GlobalSection(ProjectConfigurationPlatforms) = postSolution
		{9D633E1F-1C2C-4BDE-BA9A-51D069A4BC1C}.Debug|Any CPU.ActiveCfg = Debug|Any CPU
		{9D633E1F-1C2C-4BDE-BA9A-51D069A4BC1C}.Debug|Any CPU.Build.0 = Debug|Any CPU
		{9D633E1F-1C2C-4BDE-BA9A-51D069A4BC1C}.Release|Any CPU.ActiveCfg = Release|Any CPU
		{9D633E1F-1C2C-4BDE-BA9A-51D069A4BC1C}.Release|Any CPU.Build.0 = Release|Any CPU
	EndGlobalSection
	GlobalSection(SolutionProperties) = preSolution
		HideSolutionNode = FALSE
	EndGlobalSection
	GlobalSection(ExtensibilityGlobals) = postSolution
		SolutionGuid = {16F021C7-7561-47FF-B108-41712983E817}
	EndGlobalSection
EndGlobal
