
Microsoft Visual Studio Solution File, Format Version 12.00
# Visual Studio Version 17
VisualStudioVersion = 17.4.33110.190
MinimumVisualStudioVersion = 10.0.40219.1
Project("{FAE04EC0-301F-11D3-BF4B-00C04F79EFBC}") = "28_String and its methods", "28_String and its methods\28_String and its methods.csproj", "{5169316F-B236-439B-AEB3-F8D0F1E1E265}"
EndProject
Global
	GlobalSection(SolutionConfigurationPlatforms) = preSolution
		Debug|Any CPU = Debug|Any CPU
		Release|Any CPU = Release|Any CPU
	EndGlobalSection
	GlobalSection(ProjectConfigurationPlatforms) = postSolution
		{5169316F-B236-439B-AEB3-F8D0F1E1E265}.Debug|Any CPU.ActiveCfg = Debug|Any CPU
		{5169316F-B236-439B-AEB3-F8D0F1E1E265}.Debug|Any CPU.Build.0 = Debug|Any CPU
		{5169316F-B236-439B-AEB3-F8D0F1E1E265}.Release|Any CPU.ActiveCfg = Release|Any CPU
		{5169316F-B236-439B-AEB3-F8D0F1E1E265}.Release|Any CPU.Build.0 = Release|Any CPU
	EndGlobalSection
	GlobalSection(SolutionProperties) = preSolution
		HideSolutionNode = FALSE
	EndGlobalSection
	GlobalSection(ExtensibilityGlobals) = postSolution
		SolutionGuid = {152A8AC4-1FD6-4E45-8E83-1113CF20FB14}
	EndGlobalSection
EndGlobal
