
Microsoft Visual Studio Solution File, Format Version 12.00
# Visual Studio Version 17
VisualStudioVersion = 17.4.33110.190
MinimumVisualStudioVersion = 10.0.40219.1
Project("{FAE04EC0-301F-11D3-BF4B-00C04F79EFBC}") = "93_using_arrays_as_parameters", "93_using_arrays_as_parameters\93_using_arrays_as_parameters.csproj", "{977A5010-D447-49EF-8786-4B31F3839011}"
EndProject
Global
	GlobalSection(SolutionConfigurationPlatforms) = preSolution
		Debug|Any CPU = Debug|Any CPU
		Release|Any CPU = Release|Any CPU
	EndGlobalSection
	GlobalSection(ProjectConfigurationPlatforms) = postSolution
		{977A5010-D447-49EF-8786-4B31F3839011}.Debug|Any CPU.ActiveCfg = Debug|Any CPU
		{977A5010-D447-49EF-8786-4B31F3839011}.Debug|Any CPU.Build.0 = Debug|Any CPU
		{977A5010-D447-49EF-8786-4B31F3839011}.Release|Any CPU.ActiveCfg = Release|Any CPU
		{977A5010-D447-49EF-8786-4B31F3839011}.Release|Any CPU.Build.0 = Release|Any CPU
	EndGlobalSection
	GlobalSection(SolutionProperties) = preSolution
		HideSolutionNode = FALSE
	EndGlobalSection
	GlobalSection(ExtensibilityGlobals) = postSolution
		SolutionGuid = {D383D2A0-3764-4DEC-B356-CBAFEEBB0AE8}
	EndGlobalSection
EndGlobal
